
Microsoft Visual Studio Solution File, Format Version 12.00
# Visual Studio Version 16
VisualStudioVersion = 16.0.30804.86
MinimumVisualStudioVersion = 10.0.40219.1
Project("{FAE04EC0-301F-11D3-BF4B-00C04F79EFBC}") = "CryptoPort", "CryptoPort\CryptoPort.csproj", "{967E4191-8521-426D-AB2B-6F329ED6D65B}"
EndProject
Global
	GlobalSection(SolutionConfigurationPlatforms) = preSolution
		Debug|Any CPU = Debug|Any CPU
		Release|Any CPU = Release|Any CPU
	EndGlobalSection
	GlobalSection(ProjectConfigurationPlatforms) = postSolution
		{967E4191-8521-426D-AB2B-6F329ED6D65B}.Debug|Any CPU.ActiveCfg = Debug|Any CPU
		{967E4191-8521-426D-AB2B-6F329ED6D65B}.Debug|Any CPU.Build.0 = Debug|Any CPU
		{967E4191-8521-426D-AB2B-6F329ED6D65B}.Debug|Any CPU.Deploy.0 = Debug|Any CPU
		{967E4191-8521-426D-AB2B-6F329ED6D65B}.Release|Any CPU.ActiveCfg = Release|Any CPU
		{967E4191-8521-426D-AB2B-6F329ED6D65B}.Release|Any CPU.Build.0 = Release|Any CPU
		{967E4191-8521-426D-AB2B-6F329ED6D65B}.Release|Any CPU.Deploy.0 = Release|Any CPU
	EndGlobalSection
	GlobalSection(SolutionProperties) = preSolution
		HideSolutionNode = FALSE
	EndGlobalSection
	GlobalSection(ExtensibilityGlobals) = postSolution
		SolutionGuid = {D4150730-5679-4B04-9E4E-3ECA9A2DFBB8}
	EndGlobalSection
EndGlobal
